<?xml version="1.0" encoding="utf-8"?>
<Project ToolsVersion="4.0" xmlns="http://schemas.microsoft.com/developer/msbuild/2003">
  <ItemGroup>
    <Filter Include="Quelldateien">
      <UniqueIdentifier>{4FC737F1-C7A5-4376-A066-2A32D752A2FF}</UniqueIdentifier>
      <Extensions>cpp;c;cc;cxx;c++;cppm;ixx;def;odl;idl;hpj;bat;asm;asmx</Extensions>
    </Filter>
    <Filter Include="Headerdateien">
      <UniqueIdentifier>{93995380-89BD-4b04-88EB-625FBE52EBFB}</UniqueIdentifier>
      <Extensions>h;hh;hpp;hxx;h++;hm;inl;inc;ipp;xsd</Extensions>
    </Filter>
    <Filter Include="Ressourcendateien">
      <UniqueIdentifier>{67DA6AB6-F800-4c08-8B7A-83BB121AAD01}</UniqueIdentifier>
      <Extensions>rc;ico;cur;bmp;dlg;rc2;rct;bin;rgs;gif;jpg;jpeg;jpe;resx;tiff;tif;png;wav;mfcribbon-ms</Extensions>
    </Filter>
    <Filter Include="Quelldateien\basic">
      <UniqueIdentifier>{b39f9d64-0fdb-4226-9fa7-e436b6bffdec}</UniqueIdentifier>
    </Filter>
    <Filter Include="Quelldateien\model">
      <UniqueIdentifier>{2a4b2e6f-98b7-43c0-a5e9-bd0bb0f8f001}</UniqueIdentifier>
    </Filter>
    <Filter Include="Headerdateien\basic">
      <UniqueIdentifier>{154dc985-85f8-4a36-b403-0a04f073c895}</UniqueIdentifier>
    </Filter>
    <Filter Include="DwarPoEngine">
      <UniqueIdentifier>{55d8be5c-07ea-4d2d-9df4-fd8219a6c517}</UniqueIdentifier>
    </Filter>
    <Filter Include="DwarPoEngine\DwarPoEngine-Headerdateien">
      <UniqueIdentifier>{2547fa8a-0dc0-4f10-adfe-0d15b42d88d2}</UniqueIdentifier>
    </Filter>
    <Filter Include="DwarPoEngine\DwarPoEngine-Quelldateien">
      <UniqueIdentifier>{551f633c-d79f-4003-ac48-5a51de53e130}</UniqueIdentifier>
    </Filter>
    <Filter Include="Headerdateien\model">
      <UniqueIdentifier>{90de52c9-4a1b-4dbc-bfbc-34d469948f11}</UniqueIdentifier>
    </Filter>
    <Filter Include="Headerdateien\viewController">
      <UniqueIdentifier>{bd8f6c65-232c-4501-9382-54843cb3d9f6}</UniqueIdentifier>
    </Filter>
    <Filter Include="Quelldateien\viewController">
      <UniqueIdentifier>{faef7e41-bbb3-47d9-b151-22011086bfdb}</UniqueIdentifier>
    </Filter>
  </ItemGroup>
  <ItemGroup>
    <ClCompile Include="AA_entryPoint.cpp">
      <Filter>Quelldateien</Filter>
    </ClCompile>
    <ClCompile Include="DwarPoEngine\DwarPoEngine.cpp">
      <Filter>DwarPoEngine\DwarPoEngine-Quelldateien</Filter>
    </ClCompile>
    <ClCompile Include="DrawableEntity.cpp">
      <Filter>DwarPoEngine\DwarPoEngine-Quelldateien</Filter>
    </ClCompile>
    <ClCompile Include="StaticEntity.cpp">
      <Filter>DwarPoEngine\DwarPoEngine-Quelldateien</Filter>
    </ClCompile>
    <ClCompile Include="DrawObject.cpp">
      <Filter>DwarPoEngine\DwarPoEngine-Quelldateien</Filter>
    </ClCompile>
    <ClCompile Include="DwarPoEngine\BaseWindow.cpp">
      <Filter>DwarPoEngine\DwarPoEngine-Quelldateien</Filter>
    </ClCompile>
    <ClCompile Include="DPEngine_instance.cpp">
      <Filter>Quelldateien\viewController</Filter>
    </ClCompile>
    <ClCompile Include="DwarpoModel.cpp">
      <Filter>Quelldateien\model</Filter>
    </ClCompile>
    <ClCompile Include="groundTile.cpp">
      <Filter>Quelldateien\model</Filter>
    </ClCompile>
  </ItemGroup>
  <ItemGroup>
    <ClInclude Include="QueueTypeLinkedList_impl.h">
      <Filter>Headerdateien\basic</Filter>
    </ClInclude>
    <ClInclude Include="QueueTypeLinkedList.h">
      <Filter>Headerdateien\basic</Filter>
    </ClInclude>
    <ClInclude Include="DwarPoEngine\DwarPoEngine.h">
      <Filter>DwarPoEngine\DwarPoEngine-Headerdateien</Filter>
    </ClInclude>
    <ClInclude Include="DrawableEntity.h">
      <Filter>DwarPoEngine\DwarPoEngine-Headerdateien</Filter>
    </ClInclude>
    <ClInclude Include="StaticEntity.h">
      <Filter>DwarPoEngine\DwarPoEngine-Headerdateien</Filter>
    </ClInclude>
    <ClInclude Include="DrawObject.h">
      <Filter>DwarPoEngine\DwarPoEngine-Headerdateien</Filter>
    </ClInclude>
    <ClInclude Include="DwarPoEngine\BaseWindow.h">
      <Filter>DwarPoEngine\DwarPoEngine-Headerdateien</Filter>
    </ClInclude>
    <ClInclude Include="DPEngine_instance.h">
      <Filter>Headerdateien\viewController</Filter>
    </ClInclude>
    <ClInclude Include="DwarpoModel.h">
      <Filter>Headerdateien\model</Filter>
    </ClInclude>
    <ClInclude Include="groundTile.h">
      <Filter>Headerdateien\model</Filter>
    </ClInclude>
  </ItemGroup>
</Project>