<?xml version="1.0" encoding="utf-8"?>
<Project ToolsVersion="4.0" xmlns="http://schemas.microsoft.com/developer/msbuild/2003">
  <ItemGroup>
    <Filter Include="Quelldateien">
      <UniqueIdentifier>{4FC737F1-C7A5-4376-A066-2A32D752A2FF}</UniqueIdentifier>
      <Extensions>cpp;c;cc;cxx;c++;cppm;ixx;def;odl;idl;hpj;bat;asm;asmx</Extensions>
    </Filter>
    <Filter Include="Headerdateien">
      <UniqueIdentifier>{93995380-89BD-4b04-88EB-625FBE52EBFB}</UniqueIdentifier>
      <Extensions>h;hh;hpp;hxx;h++;hm;inl;inc;ipp;xsd</Extensions>
    </Filter>
    <Filter Include="Ressourcendateien">
      <UniqueIdentifier>{67DA6AB6-F800-4c08-8B7A-83BB121AAD01}</UniqueIdentifier>
      <Extensions>rc;ico;cur;bmp;dlg;rc2;rct;bin;rgs;gif;jpg;jpeg;jpe;resx;tiff;tif;png;wav;mfcribbon-ms</Extensions>
    </Filter>
    <Filter Include="Quelldateien\basic">
      <UniqueIdentifier>{b39f9d64-0fdb-4226-9fa7-e436b6bffdec}</UniqueIdentifier>
    </Filter>
    <Filter Include="Quelldateien\model">
      <UniqueIdentifier>{2a4b2e6f-98b7-43c0-a5e9-bd0bb0f8f001}</UniqueIdentifier>
    </Filter>
    <Filter Include="Headerdateien\basic">
      <UniqueIdentifier>{154dc985-85f8-4a36-b403-0a04f073c895}</UniqueIdentifier>
    </Filter>
    <Filter Include="DwarPoEngine">
      <UniqueIdentifier>{55d8be5c-07ea-4d2d-9df4-fd8219a6c517}</UniqueIdentifier>
    </Filter>
    <Filter Include="DwarPoEngine\DwarPoEngine-Headerdateien">
      <UniqueIdentifier>{2547fa8a-0dc0-4f10-adfe-0d15b42d88d2}</UniqueIdentifier>
    </Filter>
    <Filter Include="DwarPoEngine\DwarPoEngine-Quelldateien">
      <UniqueIdentifier>{551f633c-d79f-4003-ac48-5a51de53e130}</UniqueIdentifier>
    </Filter>
    <Filter Include="Headerdateien\model">
      <UniqueIdentifier>{90de52c9-4a1b-4dbc-bfbc-34d469948f11}</UniqueIdentifier>
    </Filter>
    <Filter Include="Headerdateien\viewController">
      <UniqueIdentifier>{bd8f6c65-232c-4501-9382-54843cb3d9f6}</UniqueIdentifier>
    </Filter>
    <Filter Include="Quelldateien\viewController">
      <UniqueIdentifier>{faef7e41-bbb3-47d9-b151-22011086bfdb}</UniqueIdentifier>
    </Filter>
    <Filter Include="Headerdateien\model\Creatures">
      <UniqueIdentifier>{8c3eb062-74b3-4b6f-b786-78dc1d5f7e1d}</UniqueIdentifier>
    </Filter>
    <Filter Include="Headerdateien\model\Dwarf">
      <UniqueIdentifier>{f1308b35-abe1-4b11-86ff-4640943994d3}</UniqueIdentifier>
    </Filter>
    <Filter Include="Quelldateien\model\Creatures">
      <UniqueIdentifier>{a9b0a16c-e3a8-4dd3-bd59-1beaaa7125f7}</UniqueIdentifier>
    </Filter>
    <Filter Include="Quelldateien\model\Dwarf">
      <UniqueIdentifier>{2c34db3e-b30d-4a09-a5d7-a00b6cfac283}</UniqueIdentifier>
    </Filter>
    <Filter Include="Quelldateien\model\Structures">
      <UniqueIdentifier>{d3101234-6043-4995-bbfe-0e2654978104}</UniqueIdentifier>
    </Filter>
    <Filter Include="Headerdateien\model\Dwarf\Structures">
      <UniqueIdentifier>{70852f44-08f5-4fd0-a4ad-88088086914a}</UniqueIdentifier>
    </Filter>
  </ItemGroup>
  <ItemGroup>
    <ClCompile Include="AA_entryPoint.cpp">
      <Filter>Quelldateien</Filter>
    </ClCompile>
    <ClCompile Include="DwarPoEngine\DwarPoEngine.cpp">
      <Filter>DwarPoEngine\DwarPoEngine-Quelldateien</Filter>
    </ClCompile>
    <ClCompile Include="DrawableEntity.cpp">
      <Filter>DwarPoEngine\DwarPoEngine-Quelldateien</Filter>
    </ClCompile>
    <ClCompile Include="StaticEntity.cpp">
      <Filter>DwarPoEngine\DwarPoEngine-Quelldateien</Filter>
    </ClCompile>
    <ClCompile Include="DrawObject.cpp">
      <Filter>DwarPoEngine\DwarPoEngine-Quelldateien</Filter>
    </ClCompile>
    <ClCompile Include="DwarPoEngine\BaseWindow.cpp">
      <Filter>DwarPoEngine\DwarPoEngine-Quelldateien</Filter>
    </ClCompile>
    <ClCompile Include="DPEngine_instance.cpp">
      <Filter>Quelldateien\viewController</Filter>
    </ClCompile>
    <ClCompile Include="DwarpoModel.cpp">
      <Filter>Quelldateien\model</Filter>
    </ClCompile>
    <ClCompile Include="groundTile.cpp">
      <Filter>Quelldateien\model</Filter>
    </ClCompile>
    <ClCompile Include="BaseCreature.cpp">
      <Filter>Quelldateien\model\Creatures</Filter>
    </ClCompile>
    <ClCompile Include="Carnivore.cpp">
      <Filter>Quelldateien\model\Creatures</Filter>
    </ClCompile>
    <ClCompile Include="Deer.cpp">
      <Filter>Quelldateien\model\Creatures</Filter>
    </ClCompile>
    <ClCompile Include="Dwarf.cpp">
      <Filter>Quelldateien\model\Dwarf</Filter>
    </ClCompile>
    <ClCompile Include="Inventory.cpp">
      <Filter>Quelldateien\model\Dwarf</Filter>
    </ClCompile>
    <ClCompile Include="Personality.cpp">
      <Filter>Quelldateien\model\Dwarf</Filter>
    </ClCompile>
    <ClCompile Include="Herbivore.cpp">
      <Filter>Quelldateien\model\Creatures</Filter>
    </ClCompile>
    <ClCompile Include="Omnivore.cpp">
      <Filter>Quelldateien\model\Creatures</Filter>
    </ClCompile>
    <ClCompile Include="Goblin.cpp">
      <Filter>Quelldateien\model\Creatures</Filter>
    </ClCompile>
    <ClCompile Include="Wolf.cpp">
      <Filter>Quelldateien\model\Creatures</Filter>
    </ClCompile>
    <ClCompile Include="Job.cpp">
      <Filter>Quelldateien</Filter>
    </ClCompile>
    <ClCompile Include="Entity.cpp">
      <Filter>Quelldateien\model</Filter>
    </ClCompile>
    <ClCompile Include="Item.cpp">
      <Filter>Quelldateien</Filter>
    </ClCompile>
    <ClCompile Include="Structure.cpp">
      <Filter>Quelldateien\model\Structures</Filter>
    </ClCompile>
    <ClCompile Include="SpriteManager.cpp">
      <Filter>Quelldateien\viewController</Filter>
    </ClCompile>
    <ClCompile Include="SpriteWrapper.cpp">
      <Filter>DwarPoEngine\DwarPoEngine-Quelldateien</Filter>
    </ClCompile>
    <ClCompile Include="KnightD.cpp">
      <Filter>Quelldateien\model\Creatures</Filter>
    </ClCompile>
  </ItemGroup>
  <ItemGroup>
    <ClInclude Include="QueueTypeLinkedList_impl.h">
      <Filter>Headerdateien\basic</Filter>
    </ClInclude>
    <ClInclude Include="QueueTypeLinkedList.h">
      <Filter>Headerdateien\basic</Filter>
    </ClInclude>
    <ClInclude Include="DwarPoEngine\DwarPoEngine.h">
      <Filter>DwarPoEngine\DwarPoEngine-Headerdateien</Filter>
    </ClInclude>
    <ClInclude Include="DrawableEntity.h">
      <Filter>DwarPoEngine\DwarPoEngine-Headerdateien</Filter>
    </ClInclude>
    <ClInclude Include="StaticEntity.h">
      <Filter>DwarPoEngine\DwarPoEngine-Headerdateien</Filter>
    </ClInclude>
    <ClInclude Include="DrawObject.h">
      <Filter>DwarPoEngine\DwarPoEngine-Headerdateien</Filter>
    </ClInclude>
    <ClInclude Include="DwarPoEngine\BaseWindow.h">
      <Filter>DwarPoEngine\DwarPoEngine-Headerdateien</Filter>
    </ClInclude>
    <ClInclude Include="DPEngine_instance.h">
      <Filter>Headerdateien\viewController</Filter>
    </ClInclude>
    <ClInclude Include="DwarpoModel.h">
      <Filter>Headerdateien\model</Filter>
    </ClInclude>
    <ClInclude Include="groundTile.h">
      <Filter>Headerdateien\model</Filter>
    </ClInclude>
    <ClInclude Include="BaseCreature.h">
      <Filter>Headerdateien\model\Creatures</Filter>
    </ClInclude>
    <ClInclude Include="Deer.h">
      <Filter>Headerdateien\model\Creatures</Filter>
    </ClInclude>
    <ClInclude Include="Goblin.h">
      <Filter>Headerdateien\model\Creatures</Filter>
    </ClInclude>
    <ClInclude Include="Carnivore.h">
      <Filter>Headerdateien\model\Creatures</Filter>
    </ClInclude>
    <ClInclude Include="Omnivore.h">
      <Filter>Headerdateien\model\Creatures</Filter>
    </ClInclude>
    <ClInclude Include="Herbivore.h">
      <Filter>Headerdateien\model\Creatures</Filter>
    </ClInclude>
    <ClInclude Include="Wolf.h">
      <Filter>Headerdateien\model\Creatures</Filter>
    </ClInclude>
    <ClInclude Include="Job.h">
      <Filter>Headerdateien\model</Filter>
    </ClInclude>
    <ClInclude Include="Dwarf.h">
      <Filter>Headerdateien\model\Dwarf</Filter>
    </ClInclude>
    <ClInclude Include="Personality.h">
      <Filter>Headerdateien\model\Dwarf</Filter>
    </ClInclude>
    <ClInclude Include="Inventory.h">
      <Filter>Headerdateien\model\Dwarf</Filter>
    </ClInclude>
    <ClInclude Include="Structure.h">
      <Filter>Headerdateien\model\Dwarf\Structures</Filter>
    </ClInclude>
    <ClInclude Include="Entity.h">
      <Filter>Headerdateien\model</Filter>
    </ClInclude>
    <ClInclude Include="Item.h">
      <Filter>Headerdateien</Filter>
    </ClInclude>
    <ClInclude Include="SpriteManager.h">
      <Filter>Headerdateien\viewController</Filter>
    </ClInclude>
    <ClInclude Include="SpriteWrapper.h">
      <Filter>DwarPoEngine\DwarPoEngine-Headerdateien</Filter>
    </ClInclude>
    <ClInclude Include="KnightD.h">
      <Filter>Headerdateien\model\Creatures</Filter>
    </ClInclude>
  </ItemGroup>
  <ItemGroup>
    <None Include="ClassDiagram.cd" />
  </ItemGroup>
</Project>